
Microsoft Visual Studio Solution File, Format Version 12.00
# Visual Studio Version 17
VisualStudioVersion = 17.2.32519.379
MinimumVisualStudioVersion = 10.0.40219.1
Project("{9A19103F-16F7-4668-BE54-9A1E7A4F7556}") = "EmptyWebApp", "EmptyWebApp\EmptyWebApp.csproj", "{9D68B4AA-611F-472C-8FD9-C26C38956929}"
EndProject
Project("{9A19103F-16F7-4668-BE54-9A1E7A4F7556}") = "HelloAspNetCore6", "HelloAspNetCore6\HelloAspNetCore6.csproj", "{22B32D04-1EE4-4596-909D-D956FA27AA26}"
EndProject
Project("{9A19103F-16F7-4668-BE54-9A1E7A4F7556}") = "UseStaticFiles", "UseStaticFiles\UseStaticFiles\UseStaticFiles.csproj", "{4FEE8EC1-7535-4E50-9214-C753F7BD1A49}"
EndProject
Global
	GlobalSection(SolutionConfigurationPlatforms) = preSolution
		Debug|Any CPU = Debug|Any CPU
		Release|Any CPU = Release|Any CPU
	EndGlobalSection
	GlobalSection(ProjectConfigurationPlatforms) = postSolution
		{9D68B4AA-611F-472C-8FD9-C26C38956929}.Debug|Any CPU.ActiveCfg = Debug|Any CPU
		{9D68B4AA-611F-472C-8FD9-C26C38956929}.Debug|Any CPU.Build.0 = Debug|Any CPU
		{9D68B4AA-611F-472C-8FD9-C26C38956929}.Release|Any CPU.ActiveCfg = Release|Any CPU
		{9D68B4AA-611F-472C-8FD9-C26C38956929}.Release|Any CPU.Build.0 = Release|Any CPU
		{22B32D04-1EE4-4596-909D-D956FA27AA26}.Debug|Any CPU.ActiveCfg = Debug|Any CPU
		{22B32D04-1EE4-4596-909D-D956FA27AA26}.Debug|Any CPU.Build.0 = Debug|Any CPU
		{22B32D04-1EE4-4596-909D-D956FA27AA26}.Release|Any CPU.ActiveCfg = Release|Any CPU
		{22B32D04-1EE4-4596-909D-D956FA27AA26}.Release|Any CPU.Build.0 = Release|Any CPU
		{4FEE8EC1-7535-4E50-9214-C753F7BD1A49}.Debug|Any CPU.ActiveCfg = Debug|Any CPU
		{4FEE8EC1-7535-4E50-9214-C753F7BD1A49}.Debug|Any CPU.Build.0 = Debug|Any CPU
		{4FEE8EC1-7535-4E50-9214-C753F7BD1A49}.Release|Any CPU.ActiveCfg = Release|Any CPU
		{4FEE8EC1-7535-4E50-9214-C753F7BD1A49}.Release|Any CPU.Build.0 = Release|Any CPU
	EndGlobalSection
	GlobalSection(SolutionProperties) = preSolution
		HideSolutionNode = FALSE
	EndGlobalSection
	GlobalSection(ExtensibilityGlobals) = postSolution
		SolutionGuid = {02181DE2-15EC-484A-B95B-B0F0698C29AA}
	EndGlobalSection
EndGlobal
