
Microsoft Visual Studio Solution File, Format Version 12.00
# Visual Studio Version 17
VisualStudioVersion = 17.1.32421.90
MinimumVisualStudioVersion = 10.0.40219.1
Project("{9A19103F-16F7-4668-BE54-9A1E7A4F7556}") = "AuthMVC", "AuthMVC.csproj", "{873DEA44-4890-4157-B50C-A96DAFDECE81}"
EndProject
Global
	GlobalSection(SolutionConfigurationPlatforms) = preSolution
		Debug|Any CPU = Debug|Any CPU
		Release|Any CPU = Release|Any CPU
	EndGlobalSection
	GlobalSection(ProjectConfigurationPlatforms) = postSolution
		{873DEA44-4890-4157-B50C-A96DAFDECE81}.Debug|Any CPU.ActiveCfg = Debug|Any CPU
		{873DEA44-4890-4157-B50C-A96DAFDECE81}.Debug|Any CPU.Build.0 = Debug|Any CPU
		{873DEA44-4890-4157-B50C-A96DAFDECE81}.Release|Any CPU.ActiveCfg = Release|Any CPU
		{873DEA44-4890-4157-B50C-A96DAFDECE81}.Release|Any CPU.Build.0 = Release|Any CPU
	EndGlobalSection
	GlobalSection(SolutionProperties) = preSolution
		HideSolutionNode = FALSE
	EndGlobalSection
	GlobalSection(ExtensibilityGlobals) = postSolution
		SolutionGuid = {D6E3A278-DBF2-45DC-A530-8EAE8D708658}
	EndGlobalSection
EndGlobal
