
Microsoft Visual Studio Solution File, Format Version 12.00
# Visual Studio Version 17
VisualStudioVersion = 17.1.32421.90
MinimumVisualStudioVersion = 10.0.40219.1
Project("{FAE04EC0-301F-11D3-BF4B-00C04F79EFBC}") = "BlazorApp1.Server", "BlazorApp1\Server\BlazorApp1.Server.csproj", "{3943A7ED-A442-420B-A32E-4EBEE872E013}"
EndProject
Project("{FAE04EC0-301F-11D3-BF4B-00C04F79EFBC}") = "BlazorApp1.Client", "BlazorApp1\Client\BlazorApp1.Client.csproj", "{0C729E74-930E-45B1-B00F-8F2FAE7CC059}"
EndProject
Project("{FAE04EC0-301F-11D3-BF4B-00C04F79EFBC}") = "BlazorApp1.Shared", "BlazorApp1\Shared\BlazorApp1.Shared.csproj", "{815DF074-0362-4376-B97E-AFBF0869668D}"
EndProject
Global
	GlobalSection(SolutionConfigurationPlatforms) = preSolution
		Debug|Any CPU = Debug|Any CPU
		Release|Any CPU = Release|Any CPU
	EndGlobalSection
	GlobalSection(ProjectConfigurationPlatforms) = postSolution
		{3943A7ED-A442-420B-A32E-4EBEE872E013}.Debug|Any CPU.ActiveCfg = Debug|Any CPU
		{3943A7ED-A442-420B-A32E-4EBEE872E013}.Debug|Any CPU.Build.0 = Debug|Any CPU
		{3943A7ED-A442-420B-A32E-4EBEE872E013}.Release|Any CPU.ActiveCfg = Release|Any CPU
		{3943A7ED-A442-420B-A32E-4EBEE872E013}.Release|Any CPU.Build.0 = Release|Any CPU
		{0C729E74-930E-45B1-B00F-8F2FAE7CC059}.Debug|Any CPU.ActiveCfg = Debug|Any CPU
		{0C729E74-930E-45B1-B00F-8F2FAE7CC059}.Debug|Any CPU.Build.0 = Debug|Any CPU
		{0C729E74-930E-45B1-B00F-8F2FAE7CC059}.Release|Any CPU.ActiveCfg = Release|Any CPU
		{0C729E74-930E-45B1-B00F-8F2FAE7CC059}.Release|Any CPU.Build.0 = Release|Any CPU
		{815DF074-0362-4376-B97E-AFBF0869668D}.Debug|Any CPU.ActiveCfg = Debug|Any CPU
		{815DF074-0362-4376-B97E-AFBF0869668D}.Debug|Any CPU.Build.0 = Debug|Any CPU
		{815DF074-0362-4376-B97E-AFBF0869668D}.Release|Any CPU.ActiveCfg = Release|Any CPU
		{815DF074-0362-4376-B97E-AFBF0869668D}.Release|Any CPU.Build.0 = Release|Any CPU
	EndGlobalSection
	GlobalSection(SolutionProperties) = preSolution
		HideSolutionNode = FALSE
	EndGlobalSection
	GlobalSection(ExtensibilityGlobals) = postSolution
		SolutionGuid = {355B6DE6-7D2E-45DA-935D-098446C3C486}
	EndGlobalSection
EndGlobal
