
Microsoft Visual Studio Solution File, Format Version 12.00
# Visual Studio Version 17
VisualStudioVersion = 17.1.32328.378
MinimumVisualStudioVersion = 10.0.40219.1
Project("{FAE04EC0-301F-11D3-BF4B-00C04F79EFBC}") = "TestMVCController", "TestMVCController\TestMVCController.csproj", "{63763243-2FA7-468A-AFE3-E08800A139A4}"
EndProject
Global
	GlobalSection(SolutionConfigurationPlatforms) = preSolution
		Debug|Any CPU = Debug|Any CPU
		Release|Any CPU = Release|Any CPU
	EndGlobalSection
	GlobalSection(ProjectConfigurationPlatforms) = postSolution
		{63763243-2FA7-468A-AFE3-E08800A139A4}.Debug|Any CPU.ActiveCfg = Debug|Any CPU
		{63763243-2FA7-468A-AFE3-E08800A139A4}.Debug|Any CPU.Build.0 = Debug|Any CPU
		{63763243-2FA7-468A-AFE3-E08800A139A4}.Release|Any CPU.ActiveCfg = Release|Any CPU
		{63763243-2FA7-468A-AFE3-E08800A139A4}.Release|Any CPU.Build.0 = Release|Any CPU
	EndGlobalSection
	GlobalSection(SolutionProperties) = preSolution
		HideSolutionNode = FALSE
	EndGlobalSection
	GlobalSection(ExtensibilityGlobals) = postSolution
		SolutionGuid = {B047D405-D036-48F3-B1F1-67B647707EFE}
	EndGlobalSection
EndGlobal
