
Microsoft Visual Studio Solution File, Format Version 12.00
# Visual Studio Version 17
VisualStudioVersion = 17.1.32328.378
MinimumVisualStudioVersion = 10.0.40219.1
Project("{FAE04EC0-301F-11D3-BF4B-00C04F79EFBC}") = "TodoWebApp", "TodoWebApp\TodoWebApp.csproj", "{CC2A77CA-4FB3-45E1-9CFC-5D4F2D7851EF}"
EndProject
Global
	GlobalSection(SolutionConfigurationPlatforms) = preSolution
		Debug|Any CPU = Debug|Any CPU
		Release|Any CPU = Release|Any CPU
	EndGlobalSection
	GlobalSection(ProjectConfigurationPlatforms) = postSolution
		{CC2A77CA-4FB3-45E1-9CFC-5D4F2D7851EF}.Debug|Any CPU.ActiveCfg = Debug|Any CPU
		{CC2A77CA-4FB3-45E1-9CFC-5D4F2D7851EF}.Debug|Any CPU.Build.0 = Debug|Any CPU
		{CC2A77CA-4FB3-45E1-9CFC-5D4F2D7851EF}.Release|Any CPU.ActiveCfg = Release|Any CPU
		{CC2A77CA-4FB3-45E1-9CFC-5D4F2D7851EF}.Release|Any CPU.Build.0 = Release|Any CPU
	EndGlobalSection
	GlobalSection(SolutionProperties) = preSolution
		HideSolutionNode = FALSE
	EndGlobalSection
	GlobalSection(ExtensibilityGlobals) = postSolution
		SolutionGuid = {B41B4FDC-DD86-4FE6-9248-FD9FECEAAADD}
	EndGlobalSection
EndGlobal
