
Microsoft Visual Studio Solution File, Format Version 12.00
# Visual Studio Version 17
VisualStudioVersion = 17.1.32210.238
MinimumVisualStudioVersion = 10.0.40219.1
Project("{FAE04EC0-301F-11D3-BF4B-00C04F79EFBC}") = "EmptyWebApp", "EmptyWebApp.csproj", "{062B0E11-8E26-4030-8E1B-5E4EB8287C90}"
EndProject
Global
	GlobalSection(SolutionConfigurationPlatforms) = preSolution
		Debug|Any CPU = Debug|Any CPU
		Release|Any CPU = Release|Any CPU
	EndGlobalSection
	GlobalSection(ProjectConfigurationPlatforms) = postSolution
		{062B0E11-8E26-4030-8E1B-5E4EB8287C90}.Debug|Any CPU.ActiveCfg = Debug|Any CPU
		{062B0E11-8E26-4030-8E1B-5E4EB8287C90}.Debug|Any CPU.Build.0 = Debug|Any CPU
		{062B0E11-8E26-4030-8E1B-5E4EB8287C90}.Release|Any CPU.ActiveCfg = Release|Any CPU
		{062B0E11-8E26-4030-8E1B-5E4EB8287C90}.Release|Any CPU.Build.0 = Release|Any CPU
	EndGlobalSection
	GlobalSection(SolutionProperties) = preSolution
		HideSolutionNode = FALSE
	EndGlobalSection
	GlobalSection(ExtensibilityGlobals) = postSolution
		SolutionGuid = {3299C40F-51E9-4204-A44E-9D53C120D24C}
	EndGlobalSection
EndGlobal
