
Microsoft Visual Studio Solution File, Format Version 12.00
# Visual Studio Version 17
VisualStudioVersion = 17.1.32421.90
MinimumVisualStudioVersion = 10.0.40219.1
Project("{FAE04EC0-301F-11D3-BF4B-00C04F79EFBC}") = "AuthTest", "AuthTest\AuthTest.csproj", "{125B5B69-65C0-4472-BB5C-D6DEE274D7DF}"
EndProject
Global
	GlobalSection(SolutionConfigurationPlatforms) = preSolution
		Debug|Any CPU = Debug|Any CPU
		Release|Any CPU = Release|Any CPU
	EndGlobalSection
	GlobalSection(ProjectConfigurationPlatforms) = postSolution
		{125B5B69-65C0-4472-BB5C-D6DEE274D7DF}.Debug|Any CPU.ActiveCfg = Debug|Any CPU
		{125B5B69-65C0-4472-BB5C-D6DEE274D7DF}.Debug|Any CPU.Build.0 = Debug|Any CPU
		{125B5B69-65C0-4472-BB5C-D6DEE274D7DF}.Release|Any CPU.ActiveCfg = Release|Any CPU
		{125B5B69-65C0-4472-BB5C-D6DEE274D7DF}.Release|Any CPU.Build.0 = Release|Any CPU
	EndGlobalSection
	GlobalSection(SolutionProperties) = preSolution
		HideSolutionNode = FALSE
	EndGlobalSection
	GlobalSection(ExtensibilityGlobals) = postSolution
		SolutionGuid = {103C3A08-90F9-4002-99F2-A391DA2A6EA2}
	EndGlobalSection
EndGlobal
