
Microsoft Visual Studio Solution File, Format Version 12.00
# Visual Studio Version 17
VisualStudioVersion = 17.1.32414.318
MinimumVisualStudioVersion = 10.0.40219.1
Project("{FAE04EC0-301F-11D3-BF4B-00C04F79EFBC}") = "TodoWebApi", "TodoWebApi\TodoWebApi.csproj", "{69EAEA27-C8A7-46D2-A282-3DD2E404E820}"
EndProject
Project("{FAE04EC0-301F-11D3-BF4B-00C04F79EFBC}") = "ClientAPI", "ClientAPI\ClientAPI.csproj", "{0B9209B1-3896-490A-99AC-F093A4B8029E}"
EndProject
Global
	GlobalSection(SolutionConfigurationPlatforms) = preSolution
		Debug|Any CPU = Debug|Any CPU
		Release|Any CPU = Release|Any CPU
	EndGlobalSection
	GlobalSection(ProjectConfigurationPlatforms) = postSolution
		{69EAEA27-C8A7-46D2-A282-3DD2E404E820}.Debug|Any CPU.ActiveCfg = Debug|Any CPU
		{69EAEA27-C8A7-46D2-A282-3DD2E404E820}.Debug|Any CPU.Build.0 = Debug|Any CPU
		{69EAEA27-C8A7-46D2-A282-3DD2E404E820}.Release|Any CPU.ActiveCfg = Release|Any CPU
		{69EAEA27-C8A7-46D2-A282-3DD2E404E820}.Release|Any CPU.Build.0 = Release|Any CPU
		{0B9209B1-3896-490A-99AC-F093A4B8029E}.Debug|Any CPU.ActiveCfg = Debug|Any CPU
		{0B9209B1-3896-490A-99AC-F093A4B8029E}.Debug|Any CPU.Build.0 = Debug|Any CPU
		{0B9209B1-3896-490A-99AC-F093A4B8029E}.Release|Any CPU.ActiveCfg = Release|Any CPU
		{0B9209B1-3896-490A-99AC-F093A4B8029E}.Release|Any CPU.Build.0 = Release|Any CPU
	EndGlobalSection
	GlobalSection(SolutionProperties) = preSolution
		HideSolutionNode = FALSE
	EndGlobalSection
	GlobalSection(ExtensibilityGlobals) = postSolution
		SolutionGuid = {ADD61F4D-0C2B-44DF-8013-11D629751004}
	EndGlobalSection
EndGlobal
