
Microsoft Visual Studio Solution File, Format Version 12.00
# Visual Studio Version 17
VisualStudioVersion = 17.1.32319.34
MinimumVisualStudioVersion = 10.0.40219.1
Project("{FAE04EC0-301F-11D3-BF4B-00C04F79EFBC}") = "TodoWebApp", "TodoWebApp\TodoWebApp.csproj", "{8051C8D6-AAA7-4698-A209-754FC11BF76C}"
EndProject
Global
	GlobalSection(SolutionConfigurationPlatforms) = preSolution
		Debug|Any CPU = Debug|Any CPU
		Release|Any CPU = Release|Any CPU
	EndGlobalSection
	GlobalSection(ProjectConfigurationPlatforms) = postSolution
		{8051C8D6-AAA7-4698-A209-754FC11BF76C}.Debug|Any CPU.ActiveCfg = Debug|Any CPU
		{8051C8D6-AAA7-4698-A209-754FC11BF76C}.Debug|Any CPU.Build.0 = Debug|Any CPU
		{8051C8D6-AAA7-4698-A209-754FC11BF76C}.Release|Any CPU.ActiveCfg = Release|Any CPU
		{8051C8D6-AAA7-4698-A209-754FC11BF76C}.Release|Any CPU.Build.0 = Release|Any CPU
	EndGlobalSection
	GlobalSection(SolutionProperties) = preSolution
		HideSolutionNode = FALSE
	EndGlobalSection
	GlobalSection(ExtensibilityGlobals) = postSolution
		SolutionGuid = {88FBE7BE-7147-44B2-B390-B87CE730A604}
	EndGlobalSection
EndGlobal
